{
  "name": "example",
  "lockfileVersion": 2,
  "requires": true,
  "packages": {
    "": {
      "devDependencies": {
        "@nichoth/tap-ssc": "^0.0.0",
        "tapzero": "^0.6.1"
      }
    },
    "node_modules/@nichoth/tap-ssc": {
      "version": "0.0.0",
      "resolved": "https://registry.npmjs.org/@nichoth/tap-ssc/-/tap-ssc-0.0.0.tgz",
      "integrity": "sha512-85BwCVduqmzuIDKi1Fj4S9IvCSofz+BB2Tftm1AnIzPQ1NrGyCl22SheILFRtSvPSJlms12f5tlI2M9wkMv/rw==",
      "dev": true,
      "hasInstallScript": true
    },
    "node_modules/tapzero": {
      "version": "0.6.1",
      "resolved": "https://registry.npmjs.org/tapzero/-/tapzero-0.6.1.tgz",
      "integrity": "sha512-7AaXewk3TogGyYF0tOqLveHB1wX34LdMBmX+K00D1Aj/xle2YI3zk3lWpyuiVE1/6UkSmEKvRMTw1Fc8bmbOBQ==",
      "dev": true
    }
  },
  "dependencies": {
    "@nichoth/tap-ssc": {
      "version": "0.0.0",
      "resolved": "https://registry.npmjs.org/@nichoth/tap-ssc/-/tap-ssc-0.0.0.tgz",
      "integrity": "sha512-85BwCVduqmzuIDKi1Fj4S9IvCSofz+BB2Tftm1AnIzPQ1NrGyCl22SheILFRtSvPSJlms12f5tlI2M9wkMv/rw==",
      "dev": true
    },
    "tapzero": {
      "version": "0.6.1",
      "resolved": "https://registry.npmjs.org/tapzero/-/tapzero-0.6.1.tgz",
      "integrity": "sha512-7AaXewk3TogGyYF0tOqLveHB1wX34LdMBmX+K00D1Aj/xle2YI3zk3lWpyuiVE1/6UkSmEKvRMTw1Fc8bmbOBQ==",
      "dev": true
    }
  }
}
